// !$*UTF8*$!
{
	archiveVersion = 1;
	classes = {
	};
	objectVersion = 50;
	objects = {

/* Begin PBXBuildFile section */
		092A5FA12373AA5900428F5F /* AppDelegate.swift in Sources */ = {isa = PBXBuildFile; fileRef = 092A5FA02373AA5900428F5F /* AppDelegate.swift */; };
		092A5FA32373AA5900428F5F /* SceneDelegate.swift in Sources */ = {isa = PBXBuildFile; fileRef = 092A5FA22373AA5900428F5F /* SceneDelegate.swift */; };
		092A5FA52373AA5900428F5F /* ContentView.swift in Sources */ = {isa = PBXBuildFile; fileRef = 092A5FA42373AA5900428F5F /* ContentView.swift */; };
		092A5FA72373AA5C00428F5F /* Assets.xcassets in Resources */ = {isa = PBXBuildFile; fileRef = 092A5FA62373AA5C00428F5F /* Assets.xcassets */; };
		092A5FAA2373AA5C00428F5F /* Preview Assets.xcassets in Resources */ = {isa = PBXBuildFile; fileRef = 092A5FA92373AA5C00428F5F /* Preview Assets.xcassets */; };
		092A5FAD2373AA5C00428F5F /* LaunchScreen.storyboard in Resources */ = {isa = PBXBuildFile; fileRef = 092A5FAB2373AA5C00428F5F /* LaunchScreen.storyboard */; };
		092A5FB52373B2C800428F5F /* CirclesView.swift in Sources */ = {isa = PBXBuildFile; fileRef = 092A5FB42373B2C800428F5F /* CirclesView.swift */; };
		092A5FB72373B60500428F5F /* DraggingView.swift in Sources */ = {isa = PBXBuildFile; fileRef = 092A5FB62373B60500428F5F /* DraggingView.swift */; };
		092A5FB92373B98400428F5F /* ComposableArchitecture.swift in Sources */ = {isa = PBXBuildFile; fileRef = 092A5FB82373B98400428F5F /* ComposableArchitecture.swift */; };
/* End PBXBuildFile section */

/* Begin PBXFileReference section */
		092A5F9D2373AA5900428F5F /* PerformanceTest.app */ = {isa = PBXFileReference; explicitFileType = wrapper.application; includeInIndex = 0; path = PerformanceTest.app; sourceTree = BUILT_PRODUCTS_DIR; };
		092A5FA02373AA5900428F5F /* AppDelegate.swift */ = {isa = PBXFileReference; lastKnownFileType = sourcecode.swift; path = AppDelegate.swift; sourceTree = "<group>"; };
		092A5FA22373AA5900428F5F /* SceneDelegate.swift */ = {isa = PBXFileReference; lastKnownFileType = sourcecode.swift; path = SceneDelegate.swift; sourceTree = "<group>"; };
		092A5FA42373AA5900428F5F /* ContentView.swift */ = {isa = PBXFileReference; lastKnownFileType = sourcecode.swift; path = ContentView.swift; sourceTree = "<group>"; };
		092A5FA62373AA5C00428F5F /* Assets.xcassets */ = {isa = PBXFileReference; lastKnownFileType = folder.assetcatalog; path = Assets.xcassets; sourceTree = "<group>"; };
		092A5FA92373AA5C00428F5F /* Preview Assets.xcassets */ = {isa = PBXFileReference; lastKnownFileType = folder.assetcatalog; path = "Preview Assets.xcassets"; sourceTree = "<group>"; };
		092A5FAC2373AA5C00428F5F /* Base */ = {isa = PBXFileReference; lastKnownFileType = file.storyboard; name = Base; path = Base.lproj/LaunchScreen.storyboard; sourceTree = "<group>"; };
		092A5FAE2373AA5C00428F5F /* Info.plist */ = {isa = PBXFileReference; lastKnownFileType = text.plist.xml; path = Info.plist; sourceTree = "<group>"; };
		092A5FB42373B2C800428F5F /* CirclesView.swift */ = {isa = PBXFileReference; lastKnownFileType = sourcecode.swift; path = CirclesView.swift; sourceTree = "<group>"; };
		092A5FB62373B60500428F5F /* DraggingView.swift */ = {isa = PBXFileReference; lastKnownFileType = sourcecode.swift; path = DraggingView.swift; sourceTree = "<group>"; };
		092A5FB82373B98400428F5F /* ComposableArchitecture.swift */ = {isa = PBXFileReference; fileEncoding = 4; lastKnownFileType = sourcecode.swift; path = ComposableArchitecture.swift; sourceTree = "<group>"; };
/* End PBXFileReference section */

/* Begin PBXFrameworksBuildPhase section */
		092A5F9A2373AA5900428F5F /* Frameworks */ = {
			isa = PBXFrameworksBuildPhase;
			buildActionMask = 2147483647;
			files = (
			);
			runOnlyForDeploymentPostprocessing = 0;
		};
/* End PBXFrameworksBuildPhase section */

/* Begin PBXGroup section */
		092A5F942373AA5900428F5F = {
			isa = PBXGroup;
			children = (
				092A5F9F2373AA5900428F5F /* PerformanceTest */,
				092A5F9E2373AA5900428F5F /* Products */,
			);
			sourceTree = "<group>";
		};
		092A5F9E2373AA5900428F5F /* Products */ = {
			isa = PBXGroup;
			children = (
				092A5F9D2373AA5900428F5F /* PerformanceTest.app */,
			);
			name = Products;
			sourceTree = "<group>";
		};
		092A5F9F2373AA5900428F5F /* PerformanceTest */ = {
			isa = PBXGroup;
			children = (
				092A5FB82373B98400428F5F /* ComposableArchitecture.swift */,
				092A5FA02373AA5900428F5F /* AppDelegate.swift */,
				092A5FA22373AA5900428F5F /* SceneDelegate.swift */,
				092A5FB42373B2C800428F5F /* CirclesView.swift */,
				092A5FB62373B60500428F5F /* DraggingView.swift */,
				092A5FA42373AA5900428F5F /* ContentView.swift */,
				092A5FA62373AA5C00428F5F /* Assets.xcassets */,
				092A5FAB2373AA5C00428F5F /* LaunchScreen.storyboard */,
				092A5FAE2373AA5C00428F5F /* Info.plist */,
				092A5FA82373AA5C00428F5F /* Preview Content */,
			);
			path = PerformanceTest;
			sourceTree = "<group>";
		};
		092A5FA82373AA5C00428F5F /* Preview Content */ = {
			isa = PBXGroup;
			children = (
				092A5FA92373AA5C00428F5F /* Preview Assets.xcassets */,
			);
			path = "Preview Content";
			sourceTree = "<group>";
		};
/* End PBXGroup section */

/* Begin PBXNativeTarget section */
		092A5F9C2373AA5900428F5F /* PerformanceTest */ = {
			isa = PBXNativeTarget;
			buildConfigurationList = 092A5FB12373AA5C00428F5F /* Build configuration list for PBXNativeTarget "PerformanceTest" */;
			buildPhases = (
				092A5F992373AA5900428F5F /* Sources */,
				092A5F9A2373AA5900428F5F /* Frameworks */,
				092A5F9B2373AA5900428F5F /* Resources */,
			);
			buildRules = (
			);
			dependencies = (
			);
			name = PerformanceTest;
			productName = PerformanceTest;
			productReference = 092A5F9D2373AA5900428F5F /* PerformanceTest.app */;
			productType = "com.apple.product-type.application";
		};
/* End PBXNativeTarget section */

/* Begin PBXProject section */
		092A5F952373AA5900428F5F /* Project object */ = {
			isa = PBXProject;
			attributes = {
				LastSwiftUpdateCheck = 1120;
				LastUpgradeCheck = 1120;
				ORGANIZATIONNAME = "Ilya Belenkiy";
				TargetAttributes = {
					092A5F9C2373AA5900428F5F = {
						CreatedOnToolsVersion = 11.2;
					};
				};
			};
			buildConfigurationList = 092A5F982373AA5900428F5F /* Build configuration list for PBXProject "PerformanceTest" */;
			compatibilityVersion = "Xcode 9.3";
			developmentRegion = en;
			hasScannedForEncodings = 0;
			knownRegions = (
				en,
				Base,
			);
			mainGroup = 092A5F942373AA5900428F5F;
			productRefGroup = 092A5F9E2373AA5900428F5F /* Products */;
			projectDirPath = "";
			projectRoot = "";
			targets = (
				092A5F9C2373AA5900428F5F /* PerformanceTest */,
			);
		};
/* End PBXProject section */

/* Begin PBXResourcesBuildPhase section */
		092A5F9B2373AA5900428F5F /* Resources */ = {
			isa = PBXResourcesBuildPhase;
			buildActionMask = 2147483647;
			files = (
				092A5FAD2373AA5C00428F5F /* LaunchScreen.storyboard in Resources */,
				092A5FAA2373AA5C00428F5F /* Preview Assets.xcassets in Resources */,
				092A5FA72373AA5C00428F5F /* Assets.xcassets in Resources */,
			);
			runOnlyForDeploymentPostprocessing = 0;
		};
/* End PBXResourcesBuildPhase section */

/* Begin PBXSourcesBuildPhase section */
		092A5F992373AA5900428F5F /* Sources */ = {
			isa = PBXSourcesBuildPhase;
			buildActionMask = 2147483647;
			files = (
				092A5FA12373AA5900428F5F /* AppDelegate.swift in Sources */,
				092A5FB52373B2C800428F5F /* CirclesView.swift in Sources */,
				092A5FA32373AA5900428F5F /* SceneDelegate.swift in Sources */,
				092A5FB92373B98400428F5F /* ComposableArchitecture.swift in Sources */,
				092A5FB72373B60500428F5F /* DraggingView.swift in Sources */,
				092A5FA52373AA5900428F5F /* ContentView.swift in Sources */,
			);
			runOnlyForDeploymentPostprocessing = 0;
		};
/* End PBXSourcesBuildPhase section */

/* Begin PBXVariantGroup section */
		092A5FAB2373AA5C00428F5F /* LaunchScreen.storyboard */ = {
			isa = PBXVariantGroup;
			children = (
				092A5FAC2373AA5C00428F5F /* Base */,
			);
			name = LaunchScreen.storyboard;
			sourceTree = "<group>";
		};
/* End PBXVariantGroup section */

/* Begin XCBuildConfiguration section */
		092A5FAF2373AA5C00428F5F /* Debug */ = {
			isa = XCBuildConfiguration;
			buildSettings = {
				ALWAYS_SEARCH_USER_PATHS = NO;
				CLANG_ANALYZER_NONNULL = YES;
				CLANG_ANALYZER_NUMBER_OBJECT_CONVERSION = YES_AGGRESSIVE;
				CLANG_CXX_LANGUAGE_STANDARD = "gnu++14";
				CLANG_CXX_LIBRARY = "libc++";
				CLANG_ENABLE_MODULES = YES;
				CLANG_ENABLE_OBJC_ARC = YES;
				CLANG_ENABLE_OBJC_WEAK = YES;
				CLANG_WARN_BLOCK_CAPTURE_AUTORELEASING = YES;
				CLANG_WARN_BOOL_CONVERSION = YES;
				CLANG_WARN_COMMA = YES;
				CLANG_WARN_CONSTANT_CONVERSION = YES;
				CLANG_WARN_DEPRECATED_OBJC_IMPLEMENTATIONS = YES;
				CLANG_WARN_DIRECT_OBJC_ISA_USAGE = YES_ERROR;
				CLANG_WARN_DOCUMENTATION_COMMENTS = YES;
				CLANG_WARN_EMPTY_BODY = YES;
				CLANG_WARN_ENUM_CONVERSION = YES;
				CLANG_WARN_INFINITE_RECURSION = YES;
				CLANG_WARN_INT_CONVERSION = YES;
				CLANG_WARN_NON_LITERAL_NULL_CONVERSION = YES;
				CLANG_WARN_OBJC_IMPLICIT_RETAIN_SELF = YES;
				CLANG_WARN_OBJC_LITERAL_CONVERSION = YES;
				CLANG_WARN_OBJC_ROOT_CLASS = YES_ERROR;
				CLANG_WARN_RANGE_LOOP_ANALYSIS = YES;
				CLANG_WARN_STRICT_PROTOTYPES = YES;
				CLANG_WARN_SUSPICIOUS_MOVE = YES;
				CLANG_WARN_UNGUARDED_AVAILABILITY = YES_AGGRESSIVE;
				CLANG_WARN_UNREACHABLE_CODE = YES;
				CLANG_WARN__DUPLICATE_METHOD_MATCH = YES;
				COPY_PHASE_STRIP = NO;
				DEBUG_INFORMATION_FORMAT = dwarf;
				ENABLE_STRICT_OBJC_MSGSEND = YES;
				ENABLE_TESTABILITY = YES;
				GCC_C_LANGUAGE_STANDARD = gnu11;
				GCC_DYNAMIC_NO_PIC = NO;
				GCC_NO_COMMON_BLOCKS = YES;
				GCC_OPTIMIZATION_LEVEL = 0;
				GCC_PREPROCESSOR_DEFINITIONS = (
					"DEBUG=1",
					"$(inherited)",
				);
				GCC_WARN_64_TO_32_BIT_CONVERSION = YES;
				GCC_WARN_ABOUT_RETURN_TYPE = YES_ERROR;
				GCC_WARN_UNDECLARED_SELECTOR = YES;
				GCC_WARN_UNINITIALIZED_AUTOS = YES_AGGRESSIVE;
				GCC_WARN_UNUSED_FUNCTION = YES;
				GCC_WARN_UNUSED_VARIABLE = YES;
				IPHONEOS_DEPLOYMENT_TARGET = 13.2;
				MTL_ENABLE_DEBUG_INFO = INCLUDE_SOURCE;
				MTL_FAST_MATH = YES;
				ONLY_ACTIVE_ARCH = YES;
				SDKROOT = iphoneos;
				SWIFT_ACTIVE_COMPILATION_CONDITIONS = DEBUG;
				SWIFT_OPTIMIZATION_LEVEL = "-Onone";
			};
			name = Debug;
		};
		092A5FB02373AA5C00428F5F /* Release */ = {
			isa = XCBuildConfiguration;
			buildSettings = {
				ALWAYS_SEARCH_USER_PATHS = NO;
				CLANG_ANALYZER_NONNULL = YES;
				CLANG_ANALYZER_NUMBER_OBJECT_CONVERSION = YES_AGGRESSIVE;
				CLANG_CXX_LANGUAGE_STANDARD = "gnu++14";
				CLANG_CXX_LIBRARY = "libc++";
				CLANG_ENABLE_MODULES = YES;
				CLANG_ENABLE_OBJC_ARC = YES;
				CLANG_ENABLE_OBJC_WEAK = YES;
				CLANG_WARN_BLOCK_CAPTURE_AUTORELEASING = YES;
				CLANG_WARN_BOOL_CONVERSION = YES;
				CLANG_WARN_COMMA = YES;
				CLANG_WARN_CONSTANT_CONVERSION = YES;
				CLANG_WARN_DEPRECATED_OBJC_IMPLEMENTATIONS = YES;
				CLANG_WARN_DIRECT_OBJC_ISA_USAGE = YES_ERROR;
				CLANG_WARN_DOCUMENTATION_COMMENTS = YES;
				CLANG_WARN_EMPTY_BODY = YES;
				CLANG_WARN_ENUM_CONVERSION = YES;
				CLANG_WARN_INFINITE_RECURSION = YES;
				CLANG_WARN_INT_CONVERSION = YES;
				CLANG_WARN_NON_LITERAL_NULL_CONVERSION = YES;
				CLANG_WARN_OBJC_IMPLICIT_RETAIN_SELF = YES;
				CLANG_WARN_OBJC_LITERAL_CONVERSION = YES;
				CLANG_WARN_OBJC_ROOT_CLASS = YES_ERROR;
				CLANG_WARN_RANGE_LOOP_ANALYSIS = YES;
				CLANG_WARN_STRICT_PROTOTYPES = YES;
				CLANG_WARN_SUSPICIOUS_MOVE = YES;
				CLANG_WARN_UNGUARDED_AVAILABILITY = YES_AGGRESSIVE;
				CLANG_WARN_UNREACHABLE_CODE = YES;
				CLANG_WARN__DUPLICATE_METHOD_MATCH = YES;
				COPY_PHASE_STRIP = NO;
				DEBUG_INFORMATION_FORMAT = "dwarf-with-dsym";
				ENABLE_NS_ASSERTIONS = NO;
				ENABLE_STRICT_OBJC_MSGSEND = YES;
				GCC_C_LANGUAGE_STANDARD = gnu11;
				GCC_NO_COMMON_BLOCKS = YES;
				GCC_WARN_64_TO_32_BIT_CONVERSION = YES;
				GCC_WARN_ABOUT_RETURN_TYPE = YES_ERROR;
				GCC_WARN_UNDECLARED_SELECTOR = YES;
				GCC_WARN_UNINITIALIZED_AUTOS = YES_AGGRESSIVE;
				GCC_WARN_UNUSED_FUNCTION = YES;
				GCC_WARN_UNUSED_VARIABLE = YES;
				IPHONEOS_DEPLOYMENT_TARGET = 13.2;
				MTL_ENABLE_DEBUG_INFO = NO;
				MTL_FAST_MATH = YES;
				SDKROOT = iphoneos;
				SWIFT_COMPILATION_MODE = wholemodule;
				SWIFT_OPTIMIZATION_LEVEL = "-O";
				VALIDATE_PRODUCT = YES;
			};
			name = Release;
		};
		092A5FB22373AA5C00428F5F /* Debug */ = {
			isa = XCBuildConfiguration;
			buildSettings = {
				ASSETCATALOG_COMPILER_APPICON_NAME = AppIcon;
				CODE_SIGN_STYLE = Automatic;
				DEVELOPMENT_ASSET_PATHS = "\"PerformanceTest/Preview Content\"";
				DEVELOPMENT_TEAM = 4YSH9CUM84;
				ENABLE_PREVIEWS = YES;
				INFOPLIST_FILE = PerformanceTest/Info.plist;
				LD_RUNPATH_SEARCH_PATHS = (
					"$(inherited)",
					"@executable_path/Frameworks",
				);
				PRODUCT_BUNDLE_IDENTIFIER = com.HarmonicSense.PerformanceTest;
				PRODUCT_NAME = "$(TARGET_NAME)";
				SWIFT_VERSION = 5.0;
				TARGETED_DEVICE_FAMILY = "1,2";
			};
			name = Debug;
		};
		092A5FB32373AA5C00428F5F /* Release */ = {
			isa = XCBuildConfiguration;
			buildSettings = {
				ASSETCATALOG_COMPILER_APPICON_NAME = AppIcon;
				CODE_SIGN_STYLE = Automatic;
				DEVELOPMENT_ASSET_PATHS = "\"PerformanceTest/Preview Content\"";
				DEVELOPMENT_TEAM = 4YSH9CUM84;
				ENABLE_PREVIEWS = YES;
				INFOPLIST_FILE = PerformanceTest/Info.plist;
				LD_RUNPATH_SEARCH_PATHS = (
					"$(inherited)",
					"@executable_path/Frameworks",
				);
				PRODUCT_BUNDLE_IDENTIFIER = com.HarmonicSense.PerformanceTest;
				PRODUCT_NAME = "$(TARGET_NAME)";
				SWIFT_VERSION = 5.0;
				TARGETED_DEVICE_FAMILY = "1,2";
			};
			name = Release;
		};
/* End XCBuildConfiguration section */

/* Begin XCConfigurationList section */
		092A5F982373AA5900428F5F /* Build configuration list for PBXProject "PerformanceTest" */ = {
			isa = XCConfigurationList;
			buildConfigurations = (
				092A5FAF2373AA5C00428F5F /* Debug */,
				092A5FB02373AA5C00428F5F /* Release */,
			);
			defaultConfigurationIsVisible = 0;
			defaultConfigurationName = Release;
		};
		092A5FB12373AA5C00428F5F /* Build configuration list for PBXNativeTarget "PerformanceTest" */ = {
			isa = XCConfigurationList;
			buildConfigurations = (
				092A5FB22373AA5C00428F5F /* Debug */,
				092A5FB32373AA5C00428F5F /* Release */,
			);
			defaultConfigurationIsVisible = 0;
			defaultConfigurationName = Release;
		};
/* End XCConfigurationList section */
	};
	rootObject = 092A5F952373AA5900428F5F /* Project object */;
}
